
Microsoft Visual Studio Solution File, Format Version 12.00
# Visual Studio 2013
VisualStudioVersion = 12.0.21005.1
MinimumVisualStudioVersion = 10.0.40219.1
Project("{FAE04EC0-301F-11D3-BF4B-00C04F79EFBC}") = "参数化Http请求", "参数化Http请求\参数化Http请求.csproj", "{757E4BF6-5BEE-4C08-8E77-16730C3CB0C3}"
EndProject
Project("{FAE04EC0-301F-11D3-BF4B-00C04F79EFBC}") = "ExtractLib", "F:\GITS\Tools\ExtractLib\ExtractLib.csproj", "{393C4598-0B4D-45A7-A017-FA945DBB8335}"
EndProject
Project("{FAE04EC0-301F-11D3-BF4B-00C04F79EFBC}") = "HttpToolsLib", "F:\GITS\Tools\HttpToolsLib\HttpToolsLib.csproj", "{B2D258F5-F9F6-4F39-A5A3-5B66CDF04B8B}"
EndProject
Project("{FAE04EC0-301F-11D3-BF4B-00C04F79EFBC}") = "PControlsLib", "F:\GITS\Tools\PControlsLib\PControlsLib.csproj", "{9ECA9566-11D8-4A04-AA3D-1B3AC7C82AAE}"
EndProject
Global
	GlobalSection(SolutionConfigurationPlatforms) = preSolution
		Debug|Any CPU = Debug|Any CPU
		Debug|x64 = Debug|x64
		Debug|x86 = Debug|x86
		Release|Any CPU = Release|Any CPU
		Release|x64 = Release|x64
		Release|x86 = Release|x86
	EndGlobalSection
	GlobalSection(ProjectConfigurationPlatforms) = postSolution
		{757E4BF6-5BEE-4C08-8E77-16730C3CB0C3}.Debug|Any CPU.ActiveCfg = Debug|Any CPU
		{757E4BF6-5BEE-4C08-8E77-16730C3CB0C3}.Debug|Any CPU.Build.0 = Debug|Any CPU
		{757E4BF6-5BEE-4C08-8E77-16730C3CB0C3}.Debug|x64.ActiveCfg = Debug|Any CPU
		{757E4BF6-5BEE-4C08-8E77-16730C3CB0C3}.Debug|x86.ActiveCfg = Debug|Any CPU
		{757E4BF6-5BEE-4C08-8E77-16730C3CB0C3}.Release|Any CPU.ActiveCfg = Release|Any CPU
		{757E4BF6-5BEE-4C08-8E77-16730C3CB0C3}.Release|Any CPU.Build.0 = Release|Any CPU
		{757E4BF6-5BEE-4C08-8E77-16730C3CB0C3}.Release|x64.ActiveCfg = Release|Any CPU
		{757E4BF6-5BEE-4C08-8E77-16730C3CB0C3}.Release|x86.ActiveCfg = Release|Any CPU
		{393C4598-0B4D-45A7-A017-FA945DBB8335}.Debug|Any CPU.ActiveCfg = Debug|Any CPU
		{393C4598-0B4D-45A7-A017-FA945DBB8335}.Debug|Any CPU.Build.0 = Debug|Any CPU
		{393C4598-0B4D-45A7-A017-FA945DBB8335}.Debug|x64.ActiveCfg = Debug|x64
		{393C4598-0B4D-45A7-A017-FA945DBB8335}.Debug|x64.Build.0 = Debug|x64
		{393C4598-0B4D-45A7-A017-FA945DBB8335}.Debug|x86.ActiveCfg = Debug|Any CPU
		{393C4598-0B4D-45A7-A017-FA945DBB8335}.Release|Any CPU.ActiveCfg = Release|Any CPU
		{393C4598-0B4D-45A7-A017-FA945DBB8335}.Release|Any CPU.Build.0 = Release|Any CPU
		{393C4598-0B4D-45A7-A017-FA945DBB8335}.Release|x64.ActiveCfg = Release|x64
		{393C4598-0B4D-45A7-A017-FA945DBB8335}.Release|x64.Build.0 = Release|x64
		{393C4598-0B4D-45A7-A017-FA945DBB8335}.Release|x86.ActiveCfg = Release|Any CPU
		{B2D258F5-F9F6-4F39-A5A3-5B66CDF04B8B}.Debug|Any CPU.ActiveCfg = Debug|Any CPU
		{B2D258F5-F9F6-4F39-A5A3-5B66CDF04B8B}.Debug|Any CPU.Build.0 = Debug|Any CPU
		{B2D258F5-F9F6-4F39-A5A3-5B66CDF04B8B}.Debug|x64.ActiveCfg = Debug|x64
		{B2D258F5-F9F6-4F39-A5A3-5B66CDF04B8B}.Debug|x64.Build.0 = Debug|x64
		{B2D258F5-F9F6-4F39-A5A3-5B66CDF04B8B}.Debug|x86.ActiveCfg = Debug|x86
		{B2D258F5-F9F6-4F39-A5A3-5B66CDF04B8B}.Debug|x86.Build.0 = Debug|x86
		{B2D258F5-F9F6-4F39-A5A3-5B66CDF04B8B}.Release|Any CPU.ActiveCfg = Release|Any CPU
		{B2D258F5-F9F6-4F39-A5A3-5B66CDF04B8B}.Release|Any CPU.Build.0 = Release|Any CPU
		{B2D258F5-F9F6-4F39-A5A3-5B66CDF04B8B}.Release|x64.ActiveCfg = Release|x64
		{B2D258F5-F9F6-4F39-A5A3-5B66CDF04B8B}.Release|x64.Build.0 = Release|x64
		{B2D258F5-F9F6-4F39-A5A3-5B66CDF04B8B}.Release|x86.ActiveCfg = Release|x86
		{B2D258F5-F9F6-4F39-A5A3-5B66CDF04B8B}.Release|x86.Build.0 = Release|x86
		{9ECA9566-11D8-4A04-AA3D-1B3AC7C82AAE}.Debug|Any CPU.ActiveCfg = Debug|Any CPU
		{9ECA9566-11D8-4A04-AA3D-1B3AC7C82AAE}.Debug|Any CPU.Build.0 = Debug|Any CPU
		{9ECA9566-11D8-4A04-AA3D-1B3AC7C82AAE}.Debug|x64.ActiveCfg = Debug|Any CPU
		{9ECA9566-11D8-4A04-AA3D-1B3AC7C82AAE}.Debug|x86.ActiveCfg = Debug|Any CPU
		{9ECA9566-11D8-4A04-AA3D-1B3AC7C82AAE}.Release|Any CPU.ActiveCfg = Release|Any CPU
		{9ECA9566-11D8-4A04-AA3D-1B3AC7C82AAE}.Release|Any CPU.Build.0 = Release|Any CPU
		{9ECA9566-11D8-4A04-AA3D-1B3AC7C82AAE}.Release|x64.ActiveCfg = Release|Any CPU
		{9ECA9566-11D8-4A04-AA3D-1B3AC7C82AAE}.Release|x86.ActiveCfg = Release|Any CPU
	EndGlobalSection
	GlobalSection(SolutionProperties) = preSolution
		HideSolutionNode = FALSE
	EndGlobalSection
EndGlobal
